
Microsoft Visual Studio Solution File, Format Version 12.00
# Visual Studio Version 16
VisualStudioVersion = 16.0.31424.327
MinimumVisualStudioVersion = 10.0.40219.1
Project("{FAE04EC0-301F-11D3-BF4B-00C04F79EFBC}") = "UPG6", "UPG6.csproj", "{50A573BC-6E0C-4B4E-A7A8-AF3D7D94893A}"
EndProject
Global
	GlobalSection(SolutionConfigurationPlatforms) = preSolution
		Debug|Any CPU = Debug|Any CPU
		Release|Any CPU = Release|Any CPU
	EndGlobalSection
	GlobalSection(ProjectConfigurationPlatforms) = postSolution
		{50A573BC-6E0C-4B4E-A7A8-AF3D7D94893A}.Debug|Any CPU.ActiveCfg = Debug|Any CPU
		{50A573BC-6E0C-4B4E-A7A8-AF3D7D94893A}.Debug|Any CPU.Build.0 = Debug|Any CPU
		{50A573BC-6E0C-4B4E-A7A8-AF3D7D94893A}.Release|Any CPU.ActiveCfg = Release|Any CPU
		{50A573BC-6E0C-4B4E-A7A8-AF3D7D94893A}.Release|Any CPU.Build.0 = Release|Any CPU
	EndGlobalSection
	GlobalSection(SolutionProperties) = preSolution
		HideSolutionNode = FALSE
	EndGlobalSection
	GlobalSection(ExtensibilityGlobals) = postSolution
		SolutionGuid = {6FA2D43A-C3D1-4055-8BBC-6A683F0BD518}
	EndGlobalSection
EndGlobal
